
Microsoft Visual Studio Solution File, Format Version 12.00
# Visual Studio Version 16
VisualStudioVersion = 16.0.32126.315
MinimumVisualStudioVersion = 10.0.40219.1
Project("{FAE04EC0-301F-11D3-BF4B-00C04F79EFBC}") = "Graph", "Graph\Graph.csproj", "{AFDE9E3E-EF74-4214-9C9A-48AB1020ACA5}"
EndProject
Global
	GlobalSection(SolutionConfigurationPlatforms) = preSolution
		Debug|Any CPU = Debug|Any CPU
		Release|Any CPU = Release|Any CPU
	EndGlobalSection
	GlobalSection(ProjectConfigurationPlatforms) = postSolution
		{AFDE9E3E-EF74-4214-9C9A-48AB1020ACA5}.Debug|Any CPU.ActiveCfg = Debug|Any CPU
		{AFDE9E3E-EF74-4214-9C9A-48AB1020ACA5}.Debug|Any CPU.Build.0 = Debug|Any CPU
		{AFDE9E3E-EF74-4214-9C9A-48AB1020ACA5}.Release|Any CPU.ActiveCfg = Release|Any CPU
		{AFDE9E3E-EF74-4214-9C9A-48AB1020ACA5}.Release|Any CPU.Build.0 = Release|Any CPU
	EndGlobalSection
	GlobalSection(SolutionProperties) = preSolution
		HideSolutionNode = FALSE
	EndGlobalSection
	GlobalSection(ExtensibilityGlobals) = postSolution
		SolutionGuid = {7B2F8E9B-91E4-4054-96DD-F95151F4C718}
	EndGlobalSection
EndGlobal
